// !$*UTF8*$!
{
	archiveVersion = 1;
	classes = {
	};
	objectVersion = 77;
	objects = {

/* Begin PBXBuildFile section */
		C7510CE82F4ECF4600AA968F /* Assets.xcassets in Resources */ = {isa = PBXBuildFile; fileRef = C7510CDD2F4ECF4600AA968F /* Assets.xcassets */; };
		C7510CEA2F4ECF4600AA968F /* LaunchScreen.storyboard in Resources */ = {isa = PBXBuildFile; fileRef = C7510CE02F4ECF4600AA968F /* LaunchScreen.storyboard */; };
		C7510CEB2F4ECF4600AA968F /* AppDelegate.swift in Sources */ = {isa = PBXBuildFile; fileRef = C7510CCA2F4ECF4600AA968F /* AppDelegate.swift */; };
		C7510CEC2F4ECF4600AA968F /* SceneDelegate.swift in Sources */ = {isa = PBXBuildFile; fileRef = C7510CCB2F4ECF4600AA968F /* SceneDelegate.swift */; };
		C7510CED2F4ECF4600AA968F /* CalculationPresenter.swift in Sources */ = {isa = PBXBuildFile; fileRef = C7510CCD2F4ECF4600AA968F /* CalculationPresenter.swift */; };
		C7510CEE2F4ECF4600AA968F /* CalculationView.swift in Sources */ = {isa = PBXBuildFile; fileRef = C7510CCE2F4ECF4600AA968F /* CalculationView.swift */; };
		C7510CEF2F4ECF4600AA968F /* CalculationViewController.swift in Sources */ = {isa = PBXBuildFile; fileRef = C7510CCF2F4ECF4600AA968F /* CalculationViewController.swift */; };
		C7510CF02F4ECF4600AA968F /* ICoordinators.swift in Sources */ = {isa = PBXBuildFile; fileRef = C7510CD12F4ECF4600AA968F /* ICoordinators.swift */; };
		C7510CF12F4ECF4600AA968F /* MainCoordinator.swift in Sources */ = {isa = PBXBuildFile; fileRef = C7510CD22F4ECF4600AA968F /* MainCoordinator.swift */; };
		C7510CF22F4ECF4600AA968F /* MethodOfSendCoordinator.swift in Sources */ = {isa = PBXBuildFile; fileRef = C7510CD32F4ECF4600AA968F /* MethodOfSendCoordinator.swift */; };
		C7510CF32F4ECF4600AA968F /* HistoryViewController.swift in Sources */ = {isa = PBXBuildFile; fileRef = C7510CD52F4ECF4600AA968F /* HistoryViewController.swift */; };
		C7510CF42F4ECF4600AA968F /* MethodOfSendPresenter.swift in Sources */ = {isa = PBXBuildFile; fileRef = C7510CD72F4ECF4600AA968F /* MethodOfSendPresenter.swift */; };
		C7510CF52F4ECF4600AA968F /* MethodOfSendView.swift in Sources */ = {isa = PBXBuildFile; fileRef = C7510CD82F4ECF4600AA968F /* MethodOfSendView.swift */; };
		C7510CF62F4ECF4600AA968F /* MethodOfSendViewController.swift in Sources */ = {isa = PBXBuildFile; fileRef = C7510CD92F4ECF4600AA968F /* MethodOfSendViewController.swift */; };
		C7510CF72F4ECF4600AA968F /* ProfileViewController.swift in Sources */ = {isa = PBXBuildFile; fileRef = C7510CDB2F4ECF4600AA968F /* ProfileViewController.swift */; };
		C7510CF82F4ECF4600AA968F /* ContentColor.swift in Sources */ = {isa = PBXBuildFile; fileRef = C7510CE22F4ECF4600AA968F /* ContentColor.swift */; };
		C7510CF92F4ECF4600AA968F /* CustomButton.swift in Sources */ = {isa = PBXBuildFile; fileRef = C7510CE32F4ECF4600AA968F /* CustomButton.swift */; };
		C7510CFA2F4ECF4600AA968F /* CustomTextField.swift in Sources */ = {isa = PBXBuildFile; fileRef = C7510CE42F4ECF4600AA968F /* CustomTextField.swift */; };
		C7510CFB2F4ECF4600AA968F /* PromoLabelFactory.swift in Sources */ = {isa = PBXBuildFile; fileRef = C7510CE52F4ECF4600AA968F /* PromoLabelFactory.swift */; };
		C7DF61422F29C607009B0BA1 /* SnapKit in Frameworks */ = {isa = PBXBuildFile; productRef = C7DF61412F29C607009B0BA1 /* SnapKit */; };
		C7EE1E5C2F500D5700B6326F /* HistoryView.swift in Sources */ = {isa = PBXBuildFile; fileRef = C7EE1E5B2F500D5700B6326F /* HistoryView.swift */; };
		C7EE1E5E2F500D6600B6326F /* HistoryPresenter.swift in Sources */ = {isa = PBXBuildFile; fileRef = C7EE1E5D2F500D6600B6326F /* HistoryPresenter.swift */; };
/* End PBXBuildFile section */

/* Begin PBXFileReference section */
		C7510CCA2F4ECF4600AA968F /* AppDelegate.swift */ = {isa = PBXFileReference; lastKnownFileType = sourcecode.swift; path = AppDelegate.swift; sourceTree = "<group>"; };
		C7510CCB2F4ECF4600AA968F /* SceneDelegate.swift */ = {isa = PBXFileReference; lastKnownFileType = sourcecode.swift; path = SceneDelegate.swift; sourceTree = "<group>"; };
		C7510CCD2F4ECF4600AA968F /* CalculationPresenter.swift */ = {isa = PBXFileReference; lastKnownFileType = sourcecode.swift; path = CalculationPresenter.swift; sourceTree = "<group>"; };
		C7510CCE2F4ECF4600AA968F /* CalculationView.swift */ = {isa = PBXFileReference; lastKnownFileType = sourcecode.swift; path = CalculationView.swift; sourceTree = "<group>"; };
		C7510CCF2F4ECF4600AA968F /* CalculationViewController.swift */ = {isa = PBXFileReference; lastKnownFileType = sourcecode.swift; path = CalculationViewController.swift; sourceTree = "<group>"; };
		C7510CD12F4ECF4600AA968F /* ICoordinators.swift */ = {isa = PBXFileReference; lastKnownFileType = sourcecode.swift; path = ICoordinators.swift; sourceTree = "<group>"; };
		C7510CD22F4ECF4600AA968F /* MainCoordinator.swift */ = {isa = PBXFileReference; lastKnownFileType = sourcecode.swift; path = MainCoordinator.swift; sourceTree = "<group>"; };
		C7510CD32F4ECF4600AA968F /* MethodOfSendCoordinator.swift */ = {isa = PBXFileReference; lastKnownFileType = sourcecode.swift; path = MethodOfSendCoordinator.swift; sourceTree = "<group>"; };
		C7510CD52F4ECF4600AA968F /* HistoryViewController.swift */ = {isa = PBXFileReference; lastKnownFileType = sourcecode.swift; path = HistoryViewController.swift; sourceTree = "<group>"; };
		C7510CD72F4ECF4600AA968F /* MethodOfSendPresenter.swift */ = {isa = PBXFileReference; lastKnownFileType = sourcecode.swift; path = MethodOfSendPresenter.swift; sourceTree = "<group>"; };
		C7510CD82F4ECF4600AA968F /* MethodOfSendView.swift */ = {isa = PBXFileReference; lastKnownFileType = sourcecode.swift; path = MethodOfSendView.swift; sourceTree = "<group>"; };
		C7510CD92F4ECF4600AA968F /* MethodOfSendViewController.swift */ = {isa = PBXFileReference; lastKnownFileType = sourcecode.swift; path = MethodOfSendViewController.swift; sourceTree = "<group>"; };
		C7510CDB2F4ECF4600AA968F /* ProfileViewController.swift */ = {isa = PBXFileReference; lastKnownFileType = sourcecode.swift; path = ProfileViewController.swift; sourceTree = "<group>"; };
		C7510CDD2F4ECF4600AA968F /* Assets.xcassets */ = {isa = PBXFileReference; lastKnownFileType = folder.assetcatalog; path = Assets.xcassets; sourceTree = "<group>"; };
		C7510CDE2F4ECF4600AA968F /* Info.plist */ = {isa = PBXFileReference; lastKnownFileType = text.plist.xml; path = Info.plist; sourceTree = "<group>"; };
		C7510CDF2F4ECF4600AA968F /* Base */ = {isa = PBXFileReference; lastKnownFileType = file.storyboard; name = Base; path = Base.lproj/LaunchScreen.storyboard; sourceTree = "<group>"; };
		C7510CE22F4ECF4600AA968F /* ContentColor.swift */ = {isa = PBXFileReference; lastKnownFileType = sourcecode.swift; path = ContentColor.swift; sourceTree = "<group>"; };
		C7510CE32F4ECF4600AA968F /* CustomButton.swift */ = {isa = PBXFileReference; lastKnownFileType = sourcecode.swift; path = CustomButton.swift; sourceTree = "<group>"; };
		C7510CE42F4ECF4600AA968F /* CustomTextField.swift */ = {isa = PBXFileReference; lastKnownFileType = sourcecode.swift; path = CustomTextField.swift; sourceTree = "<group>"; };
		C7510CE52F4ECF4600AA968F /* PromoLabelFactory.swift */ = {isa = PBXFileReference; lastKnownFileType = sourcecode.swift; path = PromoLabelFactory.swift; sourceTree = "<group>"; };
		C7DF60B92F29BAA4009B0BA1 /* delivery-gulevich-shift-2026.app */ = {isa = PBXFileReference; explicitFileType = wrapper.application; includeInIndex = 0; path = "delivery-gulevich-shift-2026.app"; sourceTree = BUILT_PRODUCTS_DIR; };
		C7EE1E5B2F500D5700B6326F /* HistoryView.swift */ = {isa = PBXFileReference; lastKnownFileType = sourcecode.swift; path = HistoryView.swift; sourceTree = "<group>"; };
		C7EE1E5D2F500D6600B6326F /* HistoryPresenter.swift */ = {isa = PBXFileReference; lastKnownFileType = sourcecode.swift; path = HistoryPresenter.swift; sourceTree = "<group>"; };
/* End PBXFileReference section */

/* Begin PBXFrameworksBuildPhase section */
		C7DF60B62F29BAA4009B0BA1 /* Frameworks */ = {
			isa = PBXFrameworksBuildPhase;
			buildActionMask = 2147483647;
			files = (
				C7DF61422F29C607009B0BA1 /* SnapKit in Frameworks */,
			);
			runOnlyForDeploymentPostprocessing = 0;
		};
/* End PBXFrameworksBuildPhase section */

/* Begin PBXGroup section */
		C7510CCC2F4ECF4600AA968F /* App */ = {
			isa = PBXGroup;
			children = (
				C7510CCA2F4ECF4600AA968F /* AppDelegate.swift */,
				C7510CCB2F4ECF4600AA968F /* SceneDelegate.swift */,
			);
			path = App;
			sourceTree = "<group>";
		};
		C7510CD02F4ECF4600AA968F /* Calculation */ = {
			isa = PBXGroup;
			children = (
				C7510CCE2F4ECF4600AA968F /* CalculationView.swift */,
				C7510CCF2F4ECF4600AA968F /* CalculationViewController.swift */,
				C7510CCD2F4ECF4600AA968F /* CalculationPresenter.swift */,
			);
			path = Calculation;
			sourceTree = "<group>";
		};
		C7510CD42F4ECF4600AA968F /* Coordinators */ = {
			isa = PBXGroup;
			children = (
				C7510CD12F4ECF4600AA968F /* ICoordinators.swift */,
				C7510CD22F4ECF4600AA968F /* MainCoordinator.swift */,
				C7510CD32F4ECF4600AA968F /* MethodOfSendCoordinator.swift */,
			);
			path = Coordinators;
			sourceTree = "<group>";
		};
		C7510CD62F4ECF4600AA968F /* History */ = {
			isa = PBXGroup;
			children = (
				C7EE1E5B2F500D5700B6326F /* HistoryView.swift */,
				C7510CD52F4ECF4600AA968F /* HistoryViewController.swift */,
				C7EE1E5D2F500D6600B6326F /* HistoryPresenter.swift */,
			);
			path = History;
			sourceTree = "<group>";
		};
		C7510CDA2F4ECF4600AA968F /* MethodOfSend */ = {
			isa = PBXGroup;
			children = (
				C7510CD82F4ECF4600AA968F /* MethodOfSendView.swift */,
				C7510CD92F4ECF4600AA968F /* MethodOfSendViewController.swift */,
				C7510CD72F4ECF4600AA968F /* MethodOfSendPresenter.swift */,
			);
			path = MethodOfSend;
			sourceTree = "<group>";
		};
		C7510CDC2F4ECF4600AA968F /* Profile */ = {
			isa = PBXGroup;
			children = (
				C7510CDB2F4ECF4600AA968F /* ProfileViewController.swift */,
			);
			path = Profile;
			sourceTree = "<group>";
		};
		C7510CE12F4ECF4600AA968F /* Supporting */ = {
			isa = PBXGroup;
			children = (
				C7510CDD2F4ECF4600AA968F /* Assets.xcassets */,
				C7510CDE2F4ECF4600AA968F /* Info.plist */,
				C7510CE02F4ECF4600AA968F /* LaunchScreen.storyboard */,
			);
			path = Supporting;
			sourceTree = "<group>";
		};
		C7510CE62F4ECF4600AA968F /* UI */ = {
			isa = PBXGroup;
			children = (
				C7510CE22F4ECF4600AA968F /* ContentColor.swift */,
				C7510CE32F4ECF4600AA968F /* CustomButton.swift */,
				C7510CE42F4ECF4600AA968F /* CustomTextField.swift */,
				C7510CE52F4ECF4600AA968F /* PromoLabelFactory.swift */,
			);
			path = UI;
			sourceTree = "<group>";
		};
		C7510CE72F4ECF4600AA968F /* delivery-gulevich-shift-2026 */ = {
			isa = PBXGroup;
			children = (
				C7510CCC2F4ECF4600AA968F /* App */,
				C7510CD42F4ECF4600AA968F /* Coordinators */,
				C7510CD02F4ECF4600AA968F /* Calculation */,
				C7510CDA2F4ECF4600AA968F /* MethodOfSend */,
				C7510CD62F4ECF4600AA968F /* History */,
				C7510CDC2F4ECF4600AA968F /* Profile */,
				C7510CE12F4ECF4600AA968F /* Supporting */,
				C7510CE62F4ECF4600AA968F /* UI */,
			);
			path = "delivery-gulevich-shift-2026";
			sourceTree = "<group>";
		};
		C7DF60B02F29BAA4009B0BA1 = {
			isa = PBXGroup;
			children = (
				C7510CE72F4ECF4600AA968F /* delivery-gulevich-shift-2026 */,
				C7DF60BA2F29BAA4009B0BA1 /* Products */,
			);
			sourceTree = "<group>";
		};
		C7DF60BA2F29BAA4009B0BA1 /* Products */ = {
			isa = PBXGroup;
			children = (
				C7DF60B92F29BAA4009B0BA1 /* delivery-gulevich-shift-2026.app */,
			);
			name = Products;
			sourceTree = "<group>";
		};
/* End PBXGroup section */

/* Begin PBXNativeTarget section */
		C7DF60B82F29BAA4009B0BA1 /* delivery-gulevich-shift-2026 */ = {
			isa = PBXNativeTarget;
			buildConfigurationList = C7DF60CC2F29BAA5009B0BA1 /* Build configuration list for PBXNativeTarget "delivery-gulevich-shift-2026" */;
			buildPhases = (
				C7DF60B52F29BAA4009B0BA1 /* Sources */,
				C7DF60B62F29BAA4009B0BA1 /* Frameworks */,
				C7DF60B72F29BAA4009B0BA1 /* Resources */,
			);
			buildRules = (
			);
			dependencies = (
			);
			name = "delivery-gulevich-shift-2026";
			packageProductDependencies = (
				C7DF61412F29C607009B0BA1 /* SnapKit */,
			);
			productName = "delivery-gulevich-shift-2026";
			productReference = C7DF60B92F29BAA4009B0BA1 /* delivery-gulevich-shift-2026.app */;
			productType = "com.apple.product-type.application";
		};
/* End PBXNativeTarget section */

/* Begin PBXProject section */
		C7DF60B12F29BAA4009B0BA1 /* Project object */ = {
			isa = PBXProject;
			attributes = {
				BuildIndependentTargetsInParallel = 1;
				LastSwiftUpdateCheck = 1640;
				LastUpgradeCheck = 1640;
				TargetAttributes = {
					C7DF60B82F29BAA4009B0BA1 = {
						CreatedOnToolsVersion = 16.4;
					};
				};
			};
			buildConfigurationList = C7DF60B42F29BAA4009B0BA1 /* Build configuration list for PBXProject "delivery-gulevich-shift-2026" */;
			developmentRegion = en;
			hasScannedForEncodings = 0;
			knownRegions = (
				en,
				Base,
			);
			mainGroup = C7DF60B02F29BAA4009B0BA1;
			minimizedProjectReferenceProxies = 1;
			packageReferences = (
				C7DF61402F29C607009B0BA1 /* XCRemoteSwiftPackageReference "SnapKit" */,
			);
			preferredProjectObjectVersion = 77;
			productRefGroup = C7DF60BA2F29BAA4009B0BA1 /* Products */;
			projectDirPath = "";
			projectRoot = "";
			targets = (
				C7DF60B82F29BAA4009B0BA1 /* delivery-gulevich-shift-2026 */,
			);
		};
/* End PBXProject section */

/* Begin PBXResourcesBuildPhase section */
		C7DF60B72F29BAA4009B0BA1 /* Resources */ = {
			isa = PBXResourcesBuildPhase;
			buildActionMask = 2147483647;
			files = (
				C7510CE82F4ECF4600AA968F /* Assets.xcassets in Resources */,
				C7510CEA2F4ECF4600AA968F /* LaunchScreen.storyboard in Resources */,
			);
			runOnlyForDeploymentPostprocessing = 0;
		};
/* End PBXResourcesBuildPhase section */

/* Begin PBXSourcesBuildPhase section */
		C7DF60B52F29BAA4009B0BA1 /* Sources */ = {
			isa = PBXSourcesBuildPhase;
			buildActionMask = 2147483647;
			files = (
				C7510CEB2F4ECF4600AA968F /* AppDelegate.swift in Sources */,
				C7510CEC2F4ECF4600AA968F /* SceneDelegate.swift in Sources */,
				C7510CED2F4ECF4600AA968F /* CalculationPresenter.swift in Sources */,
				C7510CEE2F4ECF4600AA968F /* CalculationView.swift in Sources */,
				C7510CEF2F4ECF4600AA968F /* CalculationViewController.swift in Sources */,
				C7510CF02F4ECF4600AA968F /* ICoordinators.swift in Sources */,
				C7510CF12F4ECF4600AA968F /* MainCoordinator.swift in Sources */,
				C7EE1E5C2F500D5700B6326F /* HistoryView.swift in Sources */,
				C7510CF22F4ECF4600AA968F /* MethodOfSendCoordinator.swift in Sources */,
				C7510CF32F4ECF4600AA968F /* HistoryViewController.swift in Sources */,
				C7510CF42F4ECF4600AA968F /* MethodOfSendPresenter.swift in Sources */,
				C7510CF52F4ECF4600AA968F /* MethodOfSendView.swift in Sources */,
				C7510CF62F4ECF4600AA968F /* MethodOfSendViewController.swift in Sources */,
				C7EE1E5E2F500D6600B6326F /* HistoryPresenter.swift in Sources */,
				C7510CF72F4ECF4600AA968F /* ProfileViewController.swift in Sources */,
				C7510CF82F4ECF4600AA968F /* ContentColor.swift in Sources */,
				C7510CF92F4ECF4600AA968F /* CustomButton.swift in Sources */,
				C7510CFA2F4ECF4600AA968F /* CustomTextField.swift in Sources */,
				C7510CFB2F4ECF4600AA968F /* PromoLabelFactory.swift in Sources */,
			);
			runOnlyForDeploymentPostprocessing = 0;
		};
/* End PBXSourcesBuildPhase section */

/* Begin PBXVariantGroup section */
		C7510CE02F4ECF4600AA968F /* LaunchScreen.storyboard */ = {
			isa = PBXVariantGroup;
			children = (
				C7510CDF2F4ECF4600AA968F /* Base */,
			);
			name = LaunchScreen.storyboard;
			sourceTree = "<group>";
		};
/* End PBXVariantGroup section */

/* Begin XCBuildConfiguration section */
		C7DF60CD2F29BAA5009B0BA1 /* Debug */ = {
			isa = XCBuildConfiguration;
			buildSettings = {
				ASSETCATALOG_COMPILER_APPICON_NAME = AppIcon;
				ASSETCATALOG_COMPILER_GLOBAL_ACCENT_COLOR_NAME = AccentColor;
				CODE_SIGN_STYLE = Automatic;
				CURRENT_PROJECT_VERSION = 1;
				GENERATE_INFOPLIST_FILE = YES;
				INFOPLIST_FILE = "delivery-gulevich-shift-2026/Supporting/Info.plist";
				INFOPLIST_KEY_UIApplicationSupportsIndirectInputEvents = YES;
				INFOPLIST_KEY_UILaunchStoryboardName = LaunchScreen;
				INFOPLIST_KEY_UISupportedInterfaceOrientations = UIInterfaceOrientationPortrait;
				INFOPLIST_KEY_UISupportedInterfaceOrientations_iPad = "UIInterfaceOrientationLandscapeLeft UIInterfaceOrientationLandscapeRight UIInterfaceOrientationPortrait UIInterfaceOrientationPortraitUpsideDown";
				IPHONEOS_DEPLOYMENT_TARGET = 18.0;
				LD_RUNPATH_SEARCH_PATHS = (
					"$(inherited)",
					"@executable_path/Frameworks",
				);
				MARKETING_VERSION = 1.0;
				PRODUCT_BUNDLE_IDENTIFIER = "Tatiana-Gulevich.delivery-gulevich-shift-2026";
				PRODUCT_NAME = "$(TARGET_NAME)";
				SUPPORTED_PLATFORMS = "iphoneos iphonesimulator";
				SUPPORTS_MACCATALYST = NO;
				SUPPORTS_MAC_DESIGNED_FOR_IPHONE_IPAD = NO;
				SUPPORTS_XR_DESIGNED_FOR_IPHONE_IPAD = NO;
				SWIFT_EMIT_LOC_STRINGS = YES;
				SWIFT_VERSION = 5.0;
				TARGETED_DEVICE_FAMILY = 1;
			};
			name = Debug;
		};
		C7DF60CE2F29BAA5009B0BA1 /* Release */ = {
			isa = XCBuildConfiguration;
			buildSettings = {
				ASSETCATALOG_COMPILER_APPICON_NAME = AppIcon;
				ASSETCATALOG_COMPILER_GLOBAL_ACCENT_COLOR_NAME = AccentColor;
				CODE_SIGN_STYLE = Automatic;
				CURRENT_PROJECT_VERSION = 1;
				GENERATE_INFOPLIST_FILE = YES;
				INFOPLIST_FILE = "delivery-gulevich-shift-2026/Supporting/Info.plist";
				INFOPLIST_KEY_UIApplicationSupportsIndirectInputEvents = YES;
				INFOPLIST_KEY_UILaunchStoryboardName = LaunchScreen;
				INFOPLIST_KEY_UISupportedInterfaceOrientations = UIInterfaceOrientationPortrait;
				INFOPLIST_KEY_UISupportedInterfaceOrientations_iPad = "UIInterfaceOrientationLandscapeLeft UIInterfaceOrientationLandscapeRight UIInterfaceOrientationPortrait UIInterfaceOrientationPortraitUpsideDown";
				IPHONEOS_DEPLOYMENT_TARGET = 18.0;
				LD_RUNPATH_SEARCH_PATHS = (
					"$(inherited)",
					"@executable_path/Frameworks",
				);
				MARKETING_VERSION = 1.0;
				PRODUCT_BUNDLE_IDENTIFIER = "Tatiana-Gulevich.delivery-gulevich-shift-2026";
				PRODUCT_NAME = "$(TARGET_NAME)";
				SUPPORTED_PLATFORMS = "iphoneos iphonesimulator";
				SUPPORTS_MACCATALYST = NO;
				SUPPORTS_MAC_DESIGNED_FOR_IPHONE_IPAD = NO;
				SUPPORTS_XR_DESIGNED_FOR_IPHONE_IPAD = NO;
				SWIFT_EMIT_LOC_STRINGS = YES;
				SWIFT_VERSION = 5.0;
				TARGETED_DEVICE_FAMILY = 1;
			};
			name = Release;
		};
		C7DF60CF2F29BAA5009B0BA1 /* Debug */ = {
			isa = XCBuildConfiguration;
			buildSettings = {
				ALWAYS_SEARCH_USER_PATHS = NO;
				ASSETCATALOG_COMPILER_GENERATE_SWIFT_ASSET_SYMBOL_EXTENSIONS = YES;
				CLANG_ANALYZER_NONNULL = YES;
				CLANG_ANALYZER_NUMBER_OBJECT_CONVERSION = YES_AGGRESSIVE;
				CLANG_CXX_LANGUAGE_STANDARD = "gnu++20";
				CLANG_ENABLE_MODULES = YES;
				CLANG_ENABLE_OBJC_ARC = YES;
				CLANG_ENABLE_OBJC_WEAK = YES;
				CLANG_WARN_BLOCK_CAPTURE_AUTORELEASING = YES;
				CLANG_WARN_BOOL_CONVERSION = YES;
				CLANG_WARN_COMMA = YES;
				CLANG_WARN_CONSTANT_CONVERSION = YES;
				CLANG_WARN_DEPRECATED_OBJC_IMPLEMENTATIONS = YES;
				CLANG_WARN_DIRECT_OBJC_ISA_USAGE = YES_ERROR;
				CLANG_WARN_DOCUMENTATION_COMMENTS = YES;
				CLANG_WARN_EMPTY_BODY = YES;
				CLANG_WARN_ENUM_CONVERSION = YES;
				CLANG_WARN_INFINITE_RECURSION = YES;
				CLANG_WARN_INT_CONVERSION = YES;
				CLANG_WARN_NON_LITERAL_NULL_CONVERSION = YES;
				CLANG_WARN_OBJC_IMPLICIT_RETAIN_SELF = YES;
				CLANG_WARN_OBJC_LITERAL_CONVERSION = YES;
				CLANG_WARN_OBJC_ROOT_CLASS = YES_ERROR;
				CLANG_WARN_QUOTED_INCLUDE_IN_FRAMEWORK_HEADER = YES;
				CLANG_WARN_RANGE_LOOP_ANALYSIS = YES;
				CLANG_WARN_STRICT_PROTOTYPES = YES;
				CLANG_WARN_SUSPICIOUS_MOVE = YES;
				CLANG_WARN_UNGUARDED_AVAILABILITY = YES_AGGRESSIVE;
				CLANG_WARN_UNREACHABLE_CODE = YES;
				CLANG_WARN__DUPLICATE_METHOD_MATCH = YES;
				COPY_PHASE_STRIP = NO;
				DEBUG_INFORMATION_FORMAT = dwarf;
				ENABLE_STRICT_OBJC_MSGSEND = YES;
				ENABLE_TESTABILITY = YES;
				ENABLE_USER_SCRIPT_SANDBOXING = YES;
				GCC_C_LANGUAGE_STANDARD = gnu17;
				GCC_DYNAMIC_NO_PIC = NO;
				GCC_NO_COMMON_BLOCKS = YES;
				GCC_OPTIMIZATION_LEVEL = 0;
				GCC_PREPROCESSOR_DEFINITIONS = (
					"DEBUG=1",
					"$(inherited)",
				);
				GCC_WARN_64_TO_32_BIT_CONVERSION = YES;
				GCC_WARN_ABOUT_RETURN_TYPE = YES_ERROR;
				GCC_WARN_UNDECLARED_SELECTOR = YES;
				GCC_WARN_UNINITIALIZED_AUTOS = YES_AGGRESSIVE;
				GCC_WARN_UNUSED_FUNCTION = YES;
				GCC_WARN_UNUSED_VARIABLE = YES;
				IPHONEOS_DEPLOYMENT_TARGET = 18.5;
				LOCALIZATION_PREFERS_STRING_CATALOGS = YES;
				MTL_ENABLE_DEBUG_INFO = INCLUDE_SOURCE;
				MTL_FAST_MATH = YES;
				ONLY_ACTIVE_ARCH = YES;
				SDKROOT = iphoneos;
				SWIFT_ACTIVE_COMPILATION_CONDITIONS = "DEBUG $(inherited)";
				SWIFT_OPTIMIZATION_LEVEL = "-Onone";
			};
			name = Debug;
		};
		C7DF60D02F29BAA5009B0BA1 /* Release */ = {
			isa = XCBuildConfiguration;
			buildSettings = {
				ALWAYS_SEARCH_USER_PATHS = NO;
				ASSETCATALOG_COMPILER_GENERATE_SWIFT_ASSET_SYMBOL_EXTENSIONS = YES;
				CLANG_ANALYZER_NONNULL = YES;
				CLANG_ANALYZER_NUMBER_OBJECT_CONVERSION = YES_AGGRESSIVE;
				CLANG_CXX_LANGUAGE_STANDARD = "gnu++20";
				CLANG_ENABLE_MODULES = YES;
				CLANG_ENABLE_OBJC_ARC = YES;
				CLANG_ENABLE_OBJC_WEAK = YES;
				CLANG_WARN_BLOCK_CAPTURE_AUTORELEASING = YES;
				CLANG_WARN_BOOL_CONVERSION = YES;
				CLANG_WARN_COMMA = YES;
				CLANG_WARN_CONSTANT_CONVERSION = YES;
				CLANG_WARN_DEPRECATED_OBJC_IMPLEMENTATIONS = YES;
				CLANG_WARN_DIRECT_OBJC_ISA_USAGE = YES_ERROR;
				CLANG_WARN_DOCUMENTATION_COMMENTS = YES;
				CLANG_WARN_EMPTY_BODY = YES;
				CLANG_WARN_ENUM_CONVERSION = YES;
				CLANG_WARN_INFINITE_RECURSION = YES;
				CLANG_WARN_INT_CONVERSION = YES;
				CLANG_WARN_NON_LITERAL_NULL_CONVERSION = YES;
				CLANG_WARN_OBJC_IMPLICIT_RETAIN_SELF = YES;
				CLANG_WARN_OBJC_LITERAL_CONVERSION = YES;
				CLANG_WARN_OBJC_ROOT_CLASS = YES_ERROR;
				CLANG_WARN_QUOTED_INCLUDE_IN_FRAMEWORK_HEADER = YES;
				CLANG_WARN_RANGE_LOOP_ANALYSIS = YES;
				CLANG_WARN_STRICT_PROTOTYPES = YES;
				CLANG_WARN_SUSPICIOUS_MOVE = YES;
				CLANG_WARN_UNGUARDED_AVAILABILITY = YES_AGGRESSIVE;
				CLANG_WARN_UNREACHABLE_CODE = YES;
				CLANG_WARN__DUPLICATE_METHOD_MATCH = YES;
				COPY_PHASE_STRIP = NO;
				DEBUG_INFORMATION_FORMAT = "dwarf-with-dsym";
				ENABLE_NS_ASSERTIONS = NO;
				ENABLE_STRICT_OBJC_MSGSEND = YES;
				ENABLE_USER_SCRIPT_SANDBOXING = YES;
				GCC_C_LANGUAGE_STANDARD = gnu17;
				GCC_NO_COMMON_BLOCKS = YES;
				GCC_WARN_64_TO_32_BIT_CONVERSION = YES;
				GCC_WARN_ABOUT_RETURN_TYPE = YES_ERROR;
				GCC_WARN_UNDECLARED_SELECTOR = YES;
				GCC_WARN_UNINITIALIZED_AUTOS = YES_AGGRESSIVE;
				GCC_WARN_UNUSED_FUNCTION = YES;
				GCC_WARN_UNUSED_VARIABLE = YES;
				IPHONEOS_DEPLOYMENT_TARGET = 18.5;
				LOCALIZATION_PREFERS_STRING_CATALOGS = YES;
				MTL_ENABLE_DEBUG_INFO = NO;
				MTL_FAST_MATH = YES;
				SDKROOT = iphoneos;
				SWIFT_COMPILATION_MODE = wholemodule;
				VALIDATE_PRODUCT = YES;
			};
			name = Release;
		};
/* End XCBuildConfiguration section */

/* Begin XCConfigurationList section */
		C7DF60B42F29BAA4009B0BA1 /* Build configuration list for PBXProject "delivery-gulevich-shift-2026" */ = {
			isa = XCConfigurationList;
			buildConfigurations = (
				C7DF60CF2F29BAA5009B0BA1 /* Debug */,
				C7DF60D02F29BAA5009B0BA1 /* Release */,
			);
			defaultConfigurationIsVisible = 0;
			defaultConfigurationName = Release;
		};
		C7DF60CC2F29BAA5009B0BA1 /* Build configuration list for PBXNativeTarget "delivery-gulevich-shift-2026" */ = {
			isa = XCConfigurationList;
			buildConfigurations = (
				C7DF60CD2F29BAA5009B0BA1 /* Debug */,
				C7DF60CE2F29BAA5009B0BA1 /* Release */,
			);
			defaultConfigurationIsVisible = 0;
			defaultConfigurationName = Release;
		};
/* End XCConfigurationList section */

/* Begin XCRemoteSwiftPackageReference section */
		C7DF61402F29C607009B0BA1 /* XCRemoteSwiftPackageReference "SnapKit" */ = {
			isa = XCRemoteSwiftPackageReference;
			repositoryURL = "https://github.com/SnapKit/SnapKit.git";
			requirement = {
				kind = upToNextMajorVersion;
				minimumVersion = 5.7.1;
			};
		};
/* End XCRemoteSwiftPackageReference section */

/* Begin XCSwiftPackageProductDependency section */
		C7DF61412F29C607009B0BA1 /* SnapKit */ = {
			isa = XCSwiftPackageProductDependency;
			package = C7DF61402F29C607009B0BA1 /* XCRemoteSwiftPackageReference "SnapKit" */;
			productName = SnapKit;
		};
/* End XCSwiftPackageProductDependency section */
	};
	rootObject = C7DF60B12F29BAA4009B0BA1 /* Project object */;
}
